
Microsoft Visual Studio Solution File, Format Version 12.00
# Visual Studio Version 16
VisualStudioVersion = 16.0.31321.278
MinimumVisualStudioVersion = 10.0.40219.1
Project("{FAE04EC0-301F-11D3-BF4B-00C04F79EFBC}") = "Zadanie 1-5", "Zadanie 1\Zadanie 1-5.csproj", "{86A661B2-929B-40EC-9FB9-E8D9B8945DD9}"
EndProject
Project("{FAE04EC0-301F-11D3-BF4B-00C04F79EFBC}") = "Library", "Library\Library.csproj", "{E354ADF5-27D0-4F23-8879-8E0E44D9FDD7}"
EndProject
Global
	GlobalSection(SolutionConfigurationPlatforms) = preSolution
		Debug|Any CPU = Debug|Any CPU
		Release|Any CPU = Release|Any CPU
	EndGlobalSection
	GlobalSection(ProjectConfigurationPlatforms) = postSolution
		{86A661B2-929B-40EC-9FB9-E8D9B8945DD9}.Debug|Any CPU.ActiveCfg = Debug|Any CPU
		{86A661B2-929B-40EC-9FB9-E8D9B8945DD9}.Debug|Any CPU.Build.0 = Debug|Any CPU
		{86A661B2-929B-40EC-9FB9-E8D9B8945DD9}.Release|Any CPU.ActiveCfg = Release|Any CPU
		{86A661B2-929B-40EC-9FB9-E8D9B8945DD9}.Release|Any CPU.Build.0 = Release|Any CPU
		{E354ADF5-27D0-4F23-8879-8E0E44D9FDD7}.Debug|Any CPU.ActiveCfg = Debug|Any CPU
		{E354ADF5-27D0-4F23-8879-8E0E44D9FDD7}.Debug|Any CPU.Build.0 = Debug|Any CPU
		{E354ADF5-27D0-4F23-8879-8E0E44D9FDD7}.Release|Any CPU.ActiveCfg = Release|Any CPU
		{E354ADF5-27D0-4F23-8879-8E0E44D9FDD7}.Release|Any CPU.Build.0 = Release|Any CPU
	EndGlobalSection
	GlobalSection(SolutionProperties) = preSolution
		HideSolutionNode = FALSE
	EndGlobalSection
	GlobalSection(ExtensibilityGlobals) = postSolution
		SolutionGuid = {7AD96C86-D4B8-46EF-9E2F-6CA7184F8CB8}
	EndGlobalSection
EndGlobal
